// !$*UTF8*$!
{
	archiveVersion = 1;
	classes = {
	};
	objectVersion = 56;
	objects = {

/* Begin PBXBuildFile section */
		81103E2F2A4866F500BD51D9 /* DaysEncounterStackView.swift in Sources */ = {isa = PBXBuildFile; fileRef = 81103E2E2A4866F500BD51D9 /* DaysEncounterStackView.swift */; };
		812C77272A4AFD3C0079AC49 /* UpcomingEventsViewController.swift in Sources */ = {isa = PBXBuildFile; fileRef = 812C77262A4AFD3C0079AC49 /* UpcomingEventsViewController.swift */; };
		812C77292A4AFD500079AC49 /* CollectionEventsViewController.swift in Sources */ = {isa = PBXBuildFile; fileRef = 812C77282A4AFD500079AC49 /* CollectionEventsViewController.swift */; };
		812C772B2A4AFDEE0079AC49 /* UpcomingEventTableViewCell.swift in Sources */ = {isa = PBXBuildFile; fileRef = 812C772A2A4AFDEE0079AC49 /* UpcomingEventTableViewCell.swift */; };
		812C772D2A4AFE150079AC49 /* CollectionEventTableViewCell.swift in Sources */ = {isa = PBXBuildFile; fileRef = 812C772C2A4AFE150079AC49 /* CollectionEventTableViewCell.swift */; };
		812C77302A4B24D80079AC49 /* CollectionsExtension.swift in Sources */ = {isa = PBXBuildFile; fileRef = 812C772F2A4B24D80079AC49 /* CollectionsExtension.swift */; };
		812C77322A4B24E50079AC49 /* EventsExtension.swift in Sources */ = {isa = PBXBuildFile; fileRef = 812C77312A4B24E50079AC49 /* EventsExtension.swift */; };
		812C77342A4B24F00079AC49 /* SubscriptionsExtension.swift in Sources */ = {isa = PBXBuildFile; fileRef = 812C77332A4B24F00079AC49 /* SubscriptionsExtension.swift */; };
		813B11022A2A4CC7001F6C57 /* AuthHeaderView.swift in Sources */ = {isa = PBXBuildFile; fileRef = 813B11012A2A4CC7001F6C57 /* AuthHeaderView.swift */; };
		813B11042A2A5A4B001F6C57 /* CustomTextField.swift in Sources */ = {isa = PBXBuildFile; fileRef = 813B11032A2A5A4B001F6C57 /* CustomTextField.swift */; };
		814E88172A2B28DC00B37CD0 /* CustomButton.swift in Sources */ = {isa = PBXBuildFile; fileRef = 814E88162A2B28DC00B37CD0 /* CustomButton.swift */; };
		814E88192A2B2C4500B37CD0 /* PasswordResetViewController.swift in Sources */ = {isa = PBXBuildFile; fileRef = 814E88182A2B2C4500B37CD0 /* PasswordResetViewController.swift */; };
		814E881B2A2B2C8A00B37CD0 /* AccountRegisterViewController.swift in Sources */ = {isa = PBXBuildFile; fileRef = 814E881A2A2B2C8A00B37CD0 /* AccountRegisterViewController.swift */; };
		814E881D2A2B2C9E00B37CD0 /* AuthenticationViewController.swift in Sources */ = {isa = PBXBuildFile; fileRef = 814E881C2A2B2C9E00B37CD0 /* AuthenticationViewController.swift */; };
		814F72112A419F030040EFE8 /* ProfileViewController.swift in Sources */ = {isa = PBXBuildFile; fileRef = 814F72102A419F030040EFE8 /* ProfileViewController.swift */; };
		816DFB3D2A4099EC007639AA /* AddUpdateCollectionViewController.swift in Sources */ = {isa = PBXBuildFile; fileRef = 816DFB3C2A4099EC007639AA /* AddUpdateCollectionViewController.swift */; };
		818B13A52A504327000BEC8F /* AlertManager.swift in Sources */ = {isa = PBXBuildFile; fileRef = 818B13A42A504327000BEC8F /* AlertManager.swift */; };
		8196767D2A49AA5F00ED8C8D /* SubscriptionsViewController.swift in Sources */ = {isa = PBXBuildFile; fileRef = 8196767C2A49AA5F00ED8C8D /* SubscriptionsViewController.swift */; };
		8196767F2A49B09C00ED8C8D /* SubscriptionsViewModel.swift in Sources */ = {isa = PBXBuildFile; fileRef = 8196767E2A49B09C00ED8C8D /* SubscriptionsViewModel.swift */; };
		819676812A49BEC400ED8C8D /* SubscriptionTableViewCell.swift in Sources */ = {isa = PBXBuildFile; fileRef = 819676802A49BEC400ED8C8D /* SubscriptionTableViewCell.swift */; };
		81A2622C2A288BDB0099A15B /* AppDelegate.swift in Sources */ = {isa = PBXBuildFile; fileRef = 81A2622B2A288BDB0099A15B /* AppDelegate.swift */; };
		81A2622E2A288BDB0099A15B /* SceneDelegate.swift in Sources */ = {isa = PBXBuildFile; fileRef = 81A2622D2A288BDB0099A15B /* SceneDelegate.swift */; };
		81A262352A288BDC0099A15B /* Assets.xcassets in Resources */ = {isa = PBXBuildFile; fileRef = 81A262342A288BDC0099A15B /* Assets.xcassets */; };
		81A262382A288BDC0099A15B /* LaunchScreen.storyboard in Resources */ = {isa = PBXBuildFile; fileRef = 81A262362A288BDC0099A15B /* LaunchScreen.storyboard */; };
		81A262452A2890350099A15B /* AuthenticationViewModel.swift in Sources */ = {isa = PBXBuildFile; fileRef = 81A262442A2890350099A15B /* AuthenticationViewModel.swift */; };
		81A262472A2891420099A15B /* EventsViewModel.swift in Sources */ = {isa = PBXBuildFile; fileRef = 81A262462A2891420099A15B /* EventsViewModel.swift */; };
		81A262492A28917D0099A15B /* EventModel.swift in Sources */ = {isa = PBXBuildFile; fileRef = 81A262482A28917D0099A15B /* EventModel.swift */; };
		81A2624B2A28918A0099A15B /* UserModel.swift in Sources */ = {isa = PBXBuildFile; fileRef = 81A2624A2A28918A0099A15B /* UserModel.swift */; };
		81A262542A2896140099A15B /* CollectionModel.swift in Sources */ = {isa = PBXBuildFile; fileRef = 81A262532A2896140099A15B /* CollectionModel.swift */; };
		81A262582A28B7D60099A15B /* HTTPManager.swift in Sources */ = {isa = PBXBuildFile; fileRef = 81A262572A28B7D60099A15B /* HTTPManager.swift */; };
		81A2625C2A28BDCA0099A15B /* AuthorizationManager.swift in Sources */ = {isa = PBXBuildFile; fileRef = 81A2625B2A28BDCA0099A15B /* AuthorizationManager.swift */; };
		81C02EED2A3E340F0005B352 /* AddUpdateEventViewController.swift in Sources */ = {isa = PBXBuildFile; fileRef = 81C02EEC2A3E340F0005B352 /* AddUpdateEventViewController.swift */; };
		81EC947B2A4EFF0B00C6EB82 /* ChangePasswordViewController.swift in Sources */ = {isa = PBXBuildFile; fileRef = 81EC947A2A4EFF0B00C6EB82 /* ChangePasswordViewController.swift */; };
		81EEAD722A2C70DF00E76AB9 /* AuthenticationService.swift in Sources */ = {isa = PBXBuildFile; fileRef = 81EEAD712A2C70DF00E76AB9 /* AuthenticationService.swift */; };
		81EEAD742A2C720B00E76AB9 /* MainTabBarViewController.swift in Sources */ = {isa = PBXBuildFile; fileRef = 81EEAD732A2C720B00E76AB9 /* MainTabBarViewController.swift */; };
		81EEAD762A2C729100E76AB9 /* JSONDataCoder.swift in Sources */ = {isa = PBXBuildFile; fileRef = 81EEAD752A2C729100E76AB9 /* JSONDataCoder.swift */; };
		81EEAD782A2C75B700E76AB9 /* URLRoutes.swift in Sources */ = {isa = PBXBuildFile; fileRef = 81EEAD772A2C75B700E76AB9 /* URLRoutes.swift */; };
		81F8D8D72A4C3F4A00F2FBC7 /* RemoveThanAddExtension.swift in Sources */ = {isa = PBXBuildFile; fileRef = 81F8D8D62A4C3F4A00F2FBC7 /* RemoveThanAddExtension.swift */; };
		81FCA3B92A2DC7A600179C34 /* CollectionsService.swift in Sources */ = {isa = PBXBuildFile; fileRef = 81FCA3B82A2DC7A600179C34 /* CollectionsService.swift */; };
		81FCA3BB2A2DCBA900179C34 /* CollectionsViewController.swift in Sources */ = {isa = PBXBuildFile; fileRef = 81FCA3BA2A2DCBA900179C34 /* CollectionsViewController.swift */; };
		81FCA3BF2A2DCF4600179C34 /* CollectionTableViewCell.swift in Sources */ = {isa = PBXBuildFile; fileRef = 81FCA3BE2A2DCF4600179C34 /* CollectionTableViewCell.swift */; };
		81FCA3C12A2DD10000179C34 /* CollectionsViewModel.swift in Sources */ = {isa = PBXBuildFile; fileRef = 81FCA3C02A2DD10000179C34 /* CollectionsViewModel.swift */; };
/* End PBXBuildFile section */

/* Begin PBXFileReference section */
		81103E2E2A4866F500BD51D9 /* DaysEncounterStackView.swift */ = {isa = PBXFileReference; lastKnownFileType = sourcecode.swift; path = DaysEncounterStackView.swift; sourceTree = "<group>"; };
		812C77262A4AFD3C0079AC49 /* UpcomingEventsViewController.swift */ = {isa = PBXFileReference; lastKnownFileType = sourcecode.swift; path = UpcomingEventsViewController.swift; sourceTree = "<group>"; };
		812C77282A4AFD500079AC49 /* CollectionEventsViewController.swift */ = {isa = PBXFileReference; lastKnownFileType = sourcecode.swift; path = CollectionEventsViewController.swift; sourceTree = "<group>"; };
		812C772A2A4AFDEE0079AC49 /* UpcomingEventTableViewCell.swift */ = {isa = PBXFileReference; lastKnownFileType = sourcecode.swift; path = UpcomingEventTableViewCell.swift; sourceTree = "<group>"; };
		812C772C2A4AFE150079AC49 /* CollectionEventTableViewCell.swift */ = {isa = PBXFileReference; lastKnownFileType = sourcecode.swift; path = CollectionEventTableViewCell.swift; sourceTree = "<group>"; };
		812C772F2A4B24D80079AC49 /* CollectionsExtension.swift */ = {isa = PBXFileReference; lastKnownFileType = sourcecode.swift; path = CollectionsExtension.swift; sourceTree = "<group>"; };
		812C77312A4B24E50079AC49 /* EventsExtension.swift */ = {isa = PBXFileReference; lastKnownFileType = sourcecode.swift; path = EventsExtension.swift; sourceTree = "<group>"; };
		812C77332A4B24F00079AC49 /* SubscriptionsExtension.swift */ = {isa = PBXFileReference; lastKnownFileType = sourcecode.swift; path = SubscriptionsExtension.swift; sourceTree = "<group>"; };
		813B11012A2A4CC7001F6C57 /* AuthHeaderView.swift */ = {isa = PBXFileReference; lastKnownFileType = sourcecode.swift; path = AuthHeaderView.swift; sourceTree = "<group>"; };
		813B11032A2A5A4B001F6C57 /* CustomTextField.swift */ = {isa = PBXFileReference; lastKnownFileType = sourcecode.swift; path = CustomTextField.swift; sourceTree = "<group>"; };
		814E88162A2B28DC00B37CD0 /* CustomButton.swift */ = {isa = PBXFileReference; lastKnownFileType = sourcecode.swift; path = CustomButton.swift; sourceTree = "<group>"; };
		814E88182A2B2C4500B37CD0 /* PasswordResetViewController.swift */ = {isa = PBXFileReference; lastKnownFileType = sourcecode.swift; path = PasswordResetViewController.swift; sourceTree = "<group>"; };
		814E881A2A2B2C8A00B37CD0 /* AccountRegisterViewController.swift */ = {isa = PBXFileReference; lastKnownFileType = sourcecode.swift; path = AccountRegisterViewController.swift; sourceTree = "<group>"; };
		814E881C2A2B2C9E00B37CD0 /* AuthenticationViewController.swift */ = {isa = PBXFileReference; lastKnownFileType = sourcecode.swift; path = AuthenticationViewController.swift; sourceTree = "<group>"; };
		814F72102A419F030040EFE8 /* ProfileViewController.swift */ = {isa = PBXFileReference; lastKnownFileType = sourcecode.swift; path = ProfileViewController.swift; sourceTree = "<group>"; };
		816DFB3C2A4099EC007639AA /* AddUpdateCollectionViewController.swift */ = {isa = PBXFileReference; lastKnownFileType = sourcecode.swift; path = AddUpdateCollectionViewController.swift; sourceTree = "<group>"; };
		818B13A42A504327000BEC8F /* AlertManager.swift */ = {isa = PBXFileReference; lastKnownFileType = sourcecode.swift; path = AlertManager.swift; sourceTree = "<group>"; };
		8196767C2A49AA5F00ED8C8D /* SubscriptionsViewController.swift */ = {isa = PBXFileReference; lastKnownFileType = sourcecode.swift; path = SubscriptionsViewController.swift; sourceTree = "<group>"; };
		8196767E2A49B09C00ED8C8D /* SubscriptionsViewModel.swift */ = {isa = PBXFileReference; lastKnownFileType = sourcecode.swift; path = SubscriptionsViewModel.swift; sourceTree = "<group>"; };
		819676802A49BEC400ED8C8D /* SubscriptionTableViewCell.swift */ = {isa = PBXFileReference; lastKnownFileType = sourcecode.swift; path = SubscriptionTableViewCell.swift; sourceTree = "<group>"; };
		81A262282A288BDB0099A15B /* RememberX.app */ = {isa = PBXFileReference; explicitFileType = wrapper.application; includeInIndex = 0; path = RememberX.app; sourceTree = BUILT_PRODUCTS_DIR; };
		81A2622B2A288BDB0099A15B /* AppDelegate.swift */ = {isa = PBXFileReference; lastKnownFileType = sourcecode.swift; path = AppDelegate.swift; sourceTree = "<group>"; };
		81A2622D2A288BDB0099A15B /* SceneDelegate.swift */ = {isa = PBXFileReference; lastKnownFileType = sourcecode.swift; path = SceneDelegate.swift; sourceTree = "<group>"; };
		81A262342A288BDC0099A15B /* Assets.xcassets */ = {isa = PBXFileReference; lastKnownFileType = folder.assetcatalog; path = Assets.xcassets; sourceTree = "<group>"; };
		81A262372A288BDC0099A15B /* Base */ = {isa = PBXFileReference; lastKnownFileType = file.storyboard; name = Base; path = Base.lproj/LaunchScreen.storyboard; sourceTree = "<group>"; };
		81A262392A288BDC0099A15B /* Info.plist */ = {isa = PBXFileReference; lastKnownFileType = text.plist.xml; path = Info.plist; sourceTree = "<group>"; };
		81A262442A2890350099A15B /* AuthenticationViewModel.swift */ = {isa = PBXFileReference; lastKnownFileType = sourcecode.swift; path = AuthenticationViewModel.swift; sourceTree = "<group>"; };
		81A262462A2891420099A15B /* EventsViewModel.swift */ = {isa = PBXFileReference; lastKnownFileType = sourcecode.swift; path = EventsViewModel.swift; sourceTree = "<group>"; };
		81A262482A28917D0099A15B /* EventModel.swift */ = {isa = PBXFileReference; lastKnownFileType = sourcecode.swift; path = EventModel.swift; sourceTree = "<group>"; };
		81A2624A2A28918A0099A15B /* UserModel.swift */ = {isa = PBXFileReference; lastKnownFileType = sourcecode.swift; path = UserModel.swift; sourceTree = "<group>"; };
		81A262532A2896140099A15B /* CollectionModel.swift */ = {isa = PBXFileReference; lastKnownFileType = sourcecode.swift; path = CollectionModel.swift; sourceTree = "<group>"; };
		81A262572A28B7D60099A15B /* HTTPManager.swift */ = {isa = PBXFileReference; lastKnownFileType = sourcecode.swift; path = HTTPManager.swift; sourceTree = "<group>"; };
		81A2625B2A28BDCA0099A15B /* AuthorizationManager.swift */ = {isa = PBXFileReference; lastKnownFileType = sourcecode.swift; path = AuthorizationManager.swift; sourceTree = "<group>"; };
		81C02EEC2A3E340F0005B352 /* AddUpdateEventViewController.swift */ = {isa = PBXFileReference; lastKnownFileType = sourcecode.swift; path = AddUpdateEventViewController.swift; sourceTree = "<group>"; };
		81EC947A2A4EFF0B00C6EB82 /* ChangePasswordViewController.swift */ = {isa = PBXFileReference; lastKnownFileType = sourcecode.swift; path = ChangePasswordViewController.swift; sourceTree = "<group>"; };
		81EEAD712A2C70DF00E76AB9 /* AuthenticationService.swift */ = {isa = PBXFileReference; lastKnownFileType = sourcecode.swift; path = AuthenticationService.swift; sourceTree = "<group>"; };
		81EEAD732A2C720B00E76AB9 /* MainTabBarViewController.swift */ = {isa = PBXFileReference; lastKnownFileType = sourcecode.swift; path = MainTabBarViewController.swift; sourceTree = "<group>"; };
		81EEAD752A2C729100E76AB9 /* JSONDataCoder.swift */ = {isa = PBXFileReference; lastKnownFileType = sourcecode.swift; path = JSONDataCoder.swift; sourceTree = "<group>"; };
		81EEAD772A2C75B700E76AB9 /* URLRoutes.swift */ = {isa = PBXFileReference; lastKnownFileType = sourcecode.swift; path = URLRoutes.swift; sourceTree = "<group>"; };
		81F8D8D62A4C3F4A00F2FBC7 /* RemoveThanAddExtension.swift */ = {isa = PBXFileReference; lastKnownFileType = sourcecode.swift; path = RemoveThanAddExtension.swift; sourceTree = "<group>"; };
		81FCA3B82A2DC7A600179C34 /* CollectionsService.swift */ = {isa = PBXFileReference; lastKnownFileType = sourcecode.swift; path = CollectionsService.swift; sourceTree = "<group>"; };
		81FCA3BA2A2DCBA900179C34 /* CollectionsViewController.swift */ = {isa = PBXFileReference; lastKnownFileType = sourcecode.swift; path = CollectionsViewController.swift; sourceTree = "<group>"; };
		81FCA3BE2A2DCF4600179C34 /* CollectionTableViewCell.swift */ = {isa = PBXFileReference; lastKnownFileType = sourcecode.swift; path = CollectionTableViewCell.swift; sourceTree = "<group>"; };
		81FCA3C02A2DD10000179C34 /* CollectionsViewModel.swift */ = {isa = PBXFileReference; lastKnownFileType = sourcecode.swift; path = CollectionsViewModel.swift; sourceTree = "<group>"; };
/* End PBXFileReference section */

/* Begin PBXFrameworksBuildPhase section */
		81A262252A288BDB0099A15B /* Frameworks */ = {
			isa = PBXFrameworksBuildPhase;
			buildActionMask = 2147483647;
			files = (
			);
			runOnlyForDeploymentPostprocessing = 0;
		};
/* End PBXFrameworksBuildPhase section */

/* Begin PBXGroup section */
		812C772E2A4B24BF0079AC49 /* CollectionService+Extensions */ = {
			isa = PBXGroup;
			children = (
				81FCA3B82A2DC7A600179C34 /* CollectionsService.swift */,
				812C772F2A4B24D80079AC49 /* CollectionsExtension.swift */,
				812C77312A4B24E50079AC49 /* EventsExtension.swift */,
				812C77332A4B24F00079AC49 /* SubscriptionsExtension.swift */,
				81F8D8D62A4C3F4A00F2FBC7 /* RemoveThanAddExtension.swift */,
			);
			path = "CollectionService+Extensions";
			sourceTree = "<group>";
		};
		813B10FF2A2A4BBC001F6C57 /* CustomElements */ = {
			isa = PBXGroup;
			children = (
				813B11012A2A4CC7001F6C57 /* AuthHeaderView.swift */,
				813B11032A2A5A4B001F6C57 /* CustomTextField.swift */,
				814E88162A2B28DC00B37CD0 /* CustomButton.swift */,
				81103E2E2A4866F500BD51D9 /* DaysEncounterStackView.swift */,
			);
			path = CustomElements;
			sourceTree = "<group>";
		};
		814E881E2A2B2CC800B37CD0 /* AuthenticationControllers */ = {
			isa = PBXGroup;
			children = (
				814E881C2A2B2C9E00B37CD0 /* AuthenticationViewController.swift */,
				814E881A2A2B2C8A00B37CD0 /* AccountRegisterViewController.swift */,
				814E88182A2B2C4500B37CD0 /* PasswordResetViewController.swift */,
			);
			path = AuthenticationControllers;
			sourceTree = "<group>";
		};
		81A2621F2A288BDB0099A15B = {
			isa = PBXGroup;
			children = (
				81A2622A2A288BDB0099A15B /* RememberX */,
				81A262292A288BDB0099A15B /* Products */,
			);
			sourceTree = "<group>";
		};
		81A262292A288BDB0099A15B /* Products */ = {
			isa = PBXGroup;
			children = (
				81A262282A288BDB0099A15B /* RememberX.app */,
			);
			name = Products;
			sourceTree = "<group>";
		};
		81A2622A2A288BDB0099A15B /* RememberX */ = {
			isa = PBXGroup;
			children = (
				81A262432A288EFE0099A15B /* Views */,
				81A262422A288EF60099A15B /* ViewControllers */,
				81A262412A288EEB0099A15B /* ViewModels */,
				81A262402A288EE30099A15B /* Models */,
				81EEAD702A2C70B200E76AB9 /* Services */,
				81A2624C2A2891A00099A15B /* Managers */,
				81A2623F2A288EC10099A15B /* Supporting */,
				81A262392A288BDC0099A15B /* Info.plist */,
			);
			path = RememberX;
			sourceTree = "<group>";
		};
		81A2623F2A288EC10099A15B /* Supporting */ = {
			isa = PBXGroup;
			children = (
				81EEAD772A2C75B700E76AB9 /* URLRoutes.swift */,
				81A2622B2A288BDB0099A15B /* AppDelegate.swift */,
				81A2622D2A288BDB0099A15B /* SceneDelegate.swift */,
				81A262342A288BDC0099A15B /* Assets.xcassets */,
				81A262362A288BDC0099A15B /* LaunchScreen.storyboard */,
			);
			path = Supporting;
			sourceTree = "<group>";
		};
		81A262402A288EE30099A15B /* Models */ = {
			isa = PBXGroup;
			children = (
				81A262532A2896140099A15B /* CollectionModel.swift */,
				81A262482A28917D0099A15B /* EventModel.swift */,
				81A2624A2A28918A0099A15B /* UserModel.swift */,
			);
			path = Models;
			sourceTree = "<group>";
		};
		81A262412A288EEB0099A15B /* ViewModels */ = {
			isa = PBXGroup;
			children = (
				81A262442A2890350099A15B /* AuthenticationViewModel.swift */,
				81FCA3C02A2DD10000179C34 /* CollectionsViewModel.swift */,
				8196767E2A49B09C00ED8C8D /* SubscriptionsViewModel.swift */,
				81A262462A2891420099A15B /* EventsViewModel.swift */,
			);
			path = ViewModels;
			sourceTree = "<group>";
		};
		81A262422A288EF60099A15B /* ViewControllers */ = {
			isa = PBXGroup;
			children = (
				81EEAD732A2C720B00E76AB9 /* MainTabBarViewController.swift */,
				8196767C2A49AA5F00ED8C8D /* SubscriptionsViewController.swift */,
				81C02EEF2A3E34390005B352 /* TabViews */,
				814E881E2A2B2CC800B37CD0 /* AuthenticationControllers */,
				81C02EF02A3E34510005B352 /* SupportingViewControllers */,
			);
			path = ViewControllers;
			sourceTree = "<group>";
		};
		81A262432A288EFE0099A15B /* Views */ = {
			isa = PBXGroup;
			children = (
				813B10FF2A2A4BBC001F6C57 /* CustomElements */,
				81FCA3BE2A2DCF4600179C34 /* CollectionTableViewCell.swift */,
				812C772C2A4AFE150079AC49 /* CollectionEventTableViewCell.swift */,
				812C772A2A4AFDEE0079AC49 /* UpcomingEventTableViewCell.swift */,
				819676802A49BEC400ED8C8D /* SubscriptionTableViewCell.swift */,
			);
			path = Views;
			sourceTree = "<group>";
		};
		81A2624C2A2891A00099A15B /* Managers */ = {
			isa = PBXGroup;
			children = (
				81A2625B2A28BDCA0099A15B /* AuthorizationManager.swift */,
				81A262572A28B7D60099A15B /* HTTPManager.swift */,
				81EEAD752A2C729100E76AB9 /* JSONDataCoder.swift */,
				818B13A42A504327000BEC8F /* AlertManager.swift */,
			);
			path = Managers;
			sourceTree = "<group>";
		};
		81C02EEF2A3E34390005B352 /* TabViews */ = {
			isa = PBXGroup;
			children = (
				81FCA3BA2A2DCBA900179C34 /* CollectionsViewController.swift */,
				812C77262A4AFD3C0079AC49 /* UpcomingEventsViewController.swift */,
				814F72102A419F030040EFE8 /* ProfileViewController.swift */,
			);
			path = TabViews;
			sourceTree = "<group>";
		};
		81C02EF02A3E34510005B352 /* SupportingViewControllers */ = {
			isa = PBXGroup;
			children = (
				816DFB3C2A4099EC007639AA /* AddUpdateCollectionViewController.swift */,
				81C02EEC2A3E340F0005B352 /* AddUpdateEventViewController.swift */,
				812C77282A4AFD500079AC49 /* CollectionEventsViewController.swift */,
				81EC947A2A4EFF0B00C6EB82 /* ChangePasswordViewController.swift */,
			);
			path = SupportingViewControllers;
			sourceTree = "<group>";
		};
		81EEAD702A2C70B200E76AB9 /* Services */ = {
			isa = PBXGroup;
			children = (
				812C772E2A4B24BF0079AC49 /* CollectionService+Extensions */,
				81EEAD712A2C70DF00E76AB9 /* AuthenticationService.swift */,
			);
			path = Services;
			sourceTree = "<group>";
		};
/* End PBXGroup section */

/* Begin PBXNativeTarget section */
		81A262272A288BDB0099A15B /* RememberX */ = {
			isa = PBXNativeTarget;
			buildConfigurationList = 81A2623C2A288BDC0099A15B /* Build configuration list for PBXNativeTarget "RememberX" */;
			buildPhases = (
				81A262242A288BDB0099A15B /* Sources */,
				81A262252A288BDB0099A15B /* Frameworks */,
				81A262262A288BDB0099A15B /* Resources */,
			);
			buildRules = (
			);
			dependencies = (
			);
			name = RememberX;
			productName = RememberX;
			productReference = 81A262282A288BDB0099A15B /* RememberX.app */;
			productType = "com.apple.product-type.application";
		};
/* End PBXNativeTarget section */

/* Begin PBXProject section */
		81A262202A288BDB0099A15B /* Project object */ = {
			isa = PBXProject;
			attributes = {
				BuildIndependentTargetsInParallel = 1;
				LastSwiftUpdateCheck = 1430;
				LastUpgradeCheck = 1430;
				TargetAttributes = {
					81A262272A288BDB0099A15B = {
						CreatedOnToolsVersion = 14.3;
					};
				};
			};
			buildConfigurationList = 81A262232A288BDB0099A15B /* Build configuration list for PBXProject "RememberX" */;
			compatibilityVersion = "Xcode 14.0";
			developmentRegion = en;
			hasScannedForEncodings = 0;
			knownRegions = (
				en,
				Base,
			);
			mainGroup = 81A2621F2A288BDB0099A15B;
			productRefGroup = 81A262292A288BDB0099A15B /* Products */;
			projectDirPath = "";
			projectRoot = "";
			targets = (
				81A262272A288BDB0099A15B /* RememberX */,
			);
		};
/* End PBXProject section */

/* Begin PBXResourcesBuildPhase section */
		81A262262A288BDB0099A15B /* Resources */ = {
			isa = PBXResourcesBuildPhase;
			buildActionMask = 2147483647;
			files = (
				81A262382A288BDC0099A15B /* LaunchScreen.storyboard in Resources */,
				81A262352A288BDC0099A15B /* Assets.xcassets in Resources */,
			);
			runOnlyForDeploymentPostprocessing = 0;
		};
/* End PBXResourcesBuildPhase section */

/* Begin PBXSourcesBuildPhase section */
		81A262242A288BDB0099A15B /* Sources */ = {
			isa = PBXSourcesBuildPhase;
			buildActionMask = 2147483647;
			files = (
				81FCA3BB2A2DCBA900179C34 /* CollectionsViewController.swift in Sources */,
				81EEAD782A2C75B700E76AB9 /* URLRoutes.swift in Sources */,
				81C02EED2A3E340F0005B352 /* AddUpdateEventViewController.swift in Sources */,
				814E88192A2B2C4500B37CD0 /* PasswordResetViewController.swift in Sources */,
				812C77302A4B24D80079AC49 /* CollectionsExtension.swift in Sources */,
				81EEAD742A2C720B00E76AB9 /* MainTabBarViewController.swift in Sources */,
				81EC947B2A4EFF0B00C6EB82 /* ChangePasswordViewController.swift in Sources */,
				8196767D2A49AA5F00ED8C8D /* SubscriptionsViewController.swift in Sources */,
				81A262472A2891420099A15B /* EventsViewModel.swift in Sources */,
				81A2624B2A28918A0099A15B /* UserModel.swift in Sources */,
				81103E2F2A4866F500BD51D9 /* DaysEncounterStackView.swift in Sources */,
				813B11042A2A5A4B001F6C57 /* CustomTextField.swift in Sources */,
				816DFB3D2A4099EC007639AA /* AddUpdateCollectionViewController.swift in Sources */,
				814E881B2A2B2C8A00B37CD0 /* AccountRegisterViewController.swift in Sources */,
				812C772D2A4AFE150079AC49 /* CollectionEventTableViewCell.swift in Sources */,
				81F8D8D72A4C3F4A00F2FBC7 /* RemoveThanAddExtension.swift in Sources */,
				81FCA3C12A2DD10000179C34 /* CollectionsViewModel.swift in Sources */,
				81A262452A2890350099A15B /* AuthenticationViewModel.swift in Sources */,
				814F72112A419F030040EFE8 /* ProfileViewController.swift in Sources */,
				813B11022A2A4CC7001F6C57 /* AuthHeaderView.swift in Sources */,
				812C77322A4B24E50079AC49 /* EventsExtension.swift in Sources */,
				81FCA3BF2A2DCF4600179C34 /* CollectionTableViewCell.swift in Sources */,
				81A2625C2A28BDCA0099A15B /* AuthorizationManager.swift in Sources */,
				81A262542A2896140099A15B /* CollectionModel.swift in Sources */,
				814E881D2A2B2C9E00B37CD0 /* AuthenticationViewController.swift in Sources */,
				81FCA3B92A2DC7A600179C34 /* CollectionsService.swift in Sources */,
				81A2622C2A288BDB0099A15B /* AppDelegate.swift in Sources */,
				812C772B2A4AFDEE0079AC49 /* UpcomingEventTableViewCell.swift in Sources */,
				81A262582A28B7D60099A15B /* HTTPManager.swift in Sources */,
				81A262492A28917D0099A15B /* EventModel.swift in Sources */,
				812C77342A4B24F00079AC49 /* SubscriptionsExtension.swift in Sources */,
				814E88172A2B28DC00B37CD0 /* CustomButton.swift in Sources */,
				818B13A52A504327000BEC8F /* AlertManager.swift in Sources */,
				81A2622E2A288BDB0099A15B /* SceneDelegate.swift in Sources */,
				81EEAD722A2C70DF00E76AB9 /* AuthenticationService.swift in Sources */,
				812C77292A4AFD500079AC49 /* CollectionEventsViewController.swift in Sources */,
				812C77272A4AFD3C0079AC49 /* UpcomingEventsViewController.swift in Sources */,
				81EEAD762A2C729100E76AB9 /* JSONDataCoder.swift in Sources */,
				819676812A49BEC400ED8C8D /* SubscriptionTableViewCell.swift in Sources */,
				8196767F2A49B09C00ED8C8D /* SubscriptionsViewModel.swift in Sources */,
			);
			runOnlyForDeploymentPostprocessing = 0;
		};
/* End PBXSourcesBuildPhase section */

/* Begin PBXVariantGroup section */
		81A262362A288BDC0099A15B /* LaunchScreen.storyboard */ = {
			isa = PBXVariantGroup;
			children = (
				81A262372A288BDC0099A15B /* Base */,
			);
			name = LaunchScreen.storyboard;
			sourceTree = "<group>";
		};
/* End PBXVariantGroup section */

/* Begin XCBuildConfiguration section */
		81A2623A2A288BDC0099A15B /* Debug */ = {
			isa = XCBuildConfiguration;
			buildSettings = {
				ALWAYS_SEARCH_USER_PATHS = NO;
				CLANG_ANALYZER_NONNULL = YES;
				CLANG_ANALYZER_NUMBER_OBJECT_CONVERSION = YES_AGGRESSIVE;
				CLANG_CXX_LANGUAGE_STANDARD = "gnu++20";
				CLANG_ENABLE_MODULES = YES;
				CLANG_ENABLE_OBJC_ARC = YES;
				CLANG_ENABLE_OBJC_WEAK = YES;
				CLANG_WARN_BLOCK_CAPTURE_AUTORELEASING = YES;
				CLANG_WARN_BOOL_CONVERSION = YES;
				CLANG_WARN_COMMA = YES;
				CLANG_WARN_CONSTANT_CONVERSION = YES;
				CLANG_WARN_DEPRECATED_OBJC_IMPLEMENTATIONS = YES;
				CLANG_WARN_DIRECT_OBJC_ISA_USAGE = YES_ERROR;
				CLANG_WARN_DOCUMENTATION_COMMENTS = YES;
				CLANG_WARN_EMPTY_BODY = YES;
				CLANG_WARN_ENUM_CONVERSION = YES;
				CLANG_WARN_INFINITE_RECURSION = YES;
				CLANG_WARN_INT_CONVERSION = YES;
				CLANG_WARN_NON_LITERAL_NULL_CONVERSION = YES;
				CLANG_WARN_OBJC_IMPLICIT_RETAIN_SELF = YES;
				CLANG_WARN_OBJC_LITERAL_CONVERSION = YES;
				CLANG_WARN_OBJC_ROOT_CLASS = YES_ERROR;
				CLANG_WARN_QUOTED_INCLUDE_IN_FRAMEWORK_HEADER = YES;
				CLANG_WARN_RANGE_LOOP_ANALYSIS = YES;
				CLANG_WARN_STRICT_PROTOTYPES = YES;
				CLANG_WARN_SUSPICIOUS_MOVE = YES;
				CLANG_WARN_UNGUARDED_AVAILABILITY = YES_AGGRESSIVE;
				CLANG_WARN_UNREACHABLE_CODE = YES;
				CLANG_WARN__DUPLICATE_METHOD_MATCH = YES;
				COPY_PHASE_STRIP = NO;
				DEBUG_INFORMATION_FORMAT = dwarf;
				ENABLE_STRICT_OBJC_MSGSEND = YES;
				ENABLE_TESTABILITY = YES;
				GCC_C_LANGUAGE_STANDARD = gnu11;
				GCC_DYNAMIC_NO_PIC = NO;
				GCC_NO_COMMON_BLOCKS = YES;
				GCC_OPTIMIZATION_LEVEL = 0;
				GCC_PREPROCESSOR_DEFINITIONS = (
					"DEBUG=1",
					"$(inherited)",
				);
				GCC_WARN_64_TO_32_BIT_CONVERSION = YES;
				GCC_WARN_ABOUT_RETURN_TYPE = YES_ERROR;
				GCC_WARN_UNDECLARED_SELECTOR = YES;
				GCC_WARN_UNINITIALIZED_AUTOS = YES_AGGRESSIVE;
				GCC_WARN_UNUSED_FUNCTION = YES;
				GCC_WARN_UNUSED_VARIABLE = YES;
				IPHONEOS_DEPLOYMENT_TARGET = 15.0;
				MTL_ENABLE_DEBUG_INFO = INCLUDE_SOURCE;
				MTL_FAST_MATH = YES;
				ONLY_ACTIVE_ARCH = YES;
				SDKROOT = iphoneos;
				SWIFT_ACTIVE_COMPILATION_CONDITIONS = DEBUG;
				SWIFT_OPTIMIZATION_LEVEL = "-Onone";
			};
			name = Debug;
		};
		81A2623B2A288BDC0099A15B /* Release */ = {
			isa = XCBuildConfiguration;
			buildSettings = {
				ALWAYS_SEARCH_USER_PATHS = NO;
				CLANG_ANALYZER_NONNULL = YES;
				CLANG_ANALYZER_NUMBER_OBJECT_CONVERSION = YES_AGGRESSIVE;
				CLANG_CXX_LANGUAGE_STANDARD = "gnu++20";
				CLANG_ENABLE_MODULES = YES;
				CLANG_ENABLE_OBJC_ARC = YES;
				CLANG_ENABLE_OBJC_WEAK = YES;
				CLANG_WARN_BLOCK_CAPTURE_AUTORELEASING = YES;
				CLANG_WARN_BOOL_CONVERSION = YES;
				CLANG_WARN_COMMA = YES;
				CLANG_WARN_CONSTANT_CONVERSION = YES;
				CLANG_WARN_DEPRECATED_OBJC_IMPLEMENTATIONS = YES;
				CLANG_WARN_DIRECT_OBJC_ISA_USAGE = YES_ERROR;
				CLANG_WARN_DOCUMENTATION_COMMENTS = YES;
				CLANG_WARN_EMPTY_BODY = YES;
				CLANG_WARN_ENUM_CONVERSION = YES;
				CLANG_WARN_INFINITE_RECURSION = YES;
				CLANG_WARN_INT_CONVERSION = YES;
				CLANG_WARN_NON_LITERAL_NULL_CONVERSION = YES;
				CLANG_WARN_OBJC_IMPLICIT_RETAIN_SELF = YES;
				CLANG_WARN_OBJC_LITERAL_CONVERSION = YES;
				CLANG_WARN_OBJC_ROOT_CLASS = YES_ERROR;
				CLANG_WARN_QUOTED_INCLUDE_IN_FRAMEWORK_HEADER = YES;
				CLANG_WARN_RANGE_LOOP_ANALYSIS = YES;
				CLANG_WARN_STRICT_PROTOTYPES = YES;
				CLANG_WARN_SUSPICIOUS_MOVE = YES;
				CLANG_WARN_UNGUARDED_AVAILABILITY = YES_AGGRESSIVE;
				CLANG_WARN_UNREACHABLE_CODE = YES;
				CLANG_WARN__DUPLICATE_METHOD_MATCH = YES;
				COPY_PHASE_STRIP = NO;
				DEBUG_INFORMATION_FORMAT = "dwarf-with-dsym";
				ENABLE_NS_ASSERTIONS = NO;
				ENABLE_STRICT_OBJC_MSGSEND = YES;
				GCC_C_LANGUAGE_STANDARD = gnu11;
				GCC_NO_COMMON_BLOCKS = YES;
				GCC_WARN_64_TO_32_BIT_CONVERSION = YES;
				GCC_WARN_ABOUT_RETURN_TYPE = YES_ERROR;
				GCC_WARN_UNDECLARED_SELECTOR = YES;
				GCC_WARN_UNINITIALIZED_AUTOS = YES_AGGRESSIVE;
				GCC_WARN_UNUSED_FUNCTION = YES;
				GCC_WARN_UNUSED_VARIABLE = YES;
				IPHONEOS_DEPLOYMENT_TARGET = 15.0;
				MTL_ENABLE_DEBUG_INFO = NO;
				MTL_FAST_MATH = YES;
				SDKROOT = iphoneos;
				SWIFT_COMPILATION_MODE = wholemodule;
				SWIFT_OPTIMIZATION_LEVEL = "-O";
				VALIDATE_PRODUCT = YES;
			};
			name = Release;
		};
		81A2623D2A288BDC0099A15B /* Debug */ = {
			isa = XCBuildConfiguration;
			buildSettings = {
				ASSETCATALOG_COMPILER_APPICON_NAME = AppIcon;
				ASSETCATALOG_COMPILER_GLOBAL_ACCENT_COLOR_NAME = AccentColor;
				CODE_SIGN_STYLE = Automatic;
				CURRENT_PROJECT_VERSION = 1;
				DEVELOPMENT_TEAM = MWQ8P93RWJ;
				GENERATE_INFOPLIST_FILE = YES;
				INFOPLIST_FILE = RememberX/Info.plist;
				INFOPLIST_KEY_LSApplicationCategoryType = "public.app-category.utilities";
				INFOPLIST_KEY_UIApplicationSupportsIndirectInputEvents = YES;
				INFOPLIST_KEY_UILaunchStoryboardName = LaunchScreen;
				INFOPLIST_KEY_UIMainStoryboardFile = "";
				INFOPLIST_KEY_UISupportedInterfaceOrientations = UIInterfaceOrientationPortrait;
				INFOPLIST_KEY_UISupportedInterfaceOrientations_iPad = "UIInterfaceOrientationLandscapeLeft UIInterfaceOrientationLandscapeRight UIInterfaceOrientationPortrait UIInterfaceOrientationPortraitUpsideDown";
				IPHONEOS_DEPLOYMENT_TARGET = 15.0;
				LD_RUNPATH_SEARCH_PATHS = (
					"$(inherited)",
					"@executable_path/Frameworks",
				);
				MARKETING_VERSION = 0.1.0;
				PRODUCT_BUNDLE_IDENTIFIER = com.danyloternovoi.RememberX;
				PRODUCT_NAME = "$(TARGET_NAME)";
				SUPPORTED_PLATFORMS = "iphoneos iphonesimulator";
				SUPPORTS_MACCATALYST = NO;
				SUPPORTS_MAC_DESIGNED_FOR_IPHONE_IPAD = NO;
				SWIFT_EMIT_LOC_STRINGS = YES;
				SWIFT_VERSION = 5.0;
				TARGETED_DEVICE_FAMILY = 1;
			};
			name = Debug;
		};
		81A2623E2A288BDC0099A15B /* Release */ = {
			isa = XCBuildConfiguration;
			buildSettings = {
				ASSETCATALOG_COMPILER_APPICON_NAME = AppIcon;
				ASSETCATALOG_COMPILER_GLOBAL_ACCENT_COLOR_NAME = AccentColor;
				CODE_SIGN_STYLE = Automatic;
				CURRENT_PROJECT_VERSION = 1;
				DEVELOPMENT_TEAM = MWQ8P93RWJ;
				GENERATE_INFOPLIST_FILE = YES;
				INFOPLIST_FILE = RememberX/Info.plist;
				INFOPLIST_KEY_LSApplicationCategoryType = "public.app-category.utilities";
				INFOPLIST_KEY_UIApplicationSupportsIndirectInputEvents = YES;
				INFOPLIST_KEY_UILaunchStoryboardName = LaunchScreen;
				INFOPLIST_KEY_UIMainStoryboardFile = "";
				INFOPLIST_KEY_UISupportedInterfaceOrientations = UIInterfaceOrientationPortrait;
				INFOPLIST_KEY_UISupportedInterfaceOrientations_iPad = "UIInterfaceOrientationLandscapeLeft UIInterfaceOrientationLandscapeRight UIInterfaceOrientationPortrait UIInterfaceOrientationPortraitUpsideDown";
				IPHONEOS_DEPLOYMENT_TARGET = 15.0;
				LD_RUNPATH_SEARCH_PATHS = (
					"$(inherited)",
					"@executable_path/Frameworks",
				);
				MARKETING_VERSION = 0.1.0;
				PRODUCT_BUNDLE_IDENTIFIER = com.danyloternovoi.RememberX;
				PRODUCT_NAME = "$(TARGET_NAME)";
				SUPPORTED_PLATFORMS = "iphoneos iphonesimulator";
				SUPPORTS_MACCATALYST = NO;
				SUPPORTS_MAC_DESIGNED_FOR_IPHONE_IPAD = NO;
				SWIFT_EMIT_LOC_STRINGS = YES;
				SWIFT_VERSION = 5.0;
				TARGETED_DEVICE_FAMILY = 1;
			};
			name = Release;
		};
/* End XCBuildConfiguration section */

/* Begin XCConfigurationList section */
		81A262232A288BDB0099A15B /* Build configuration list for PBXProject "RememberX" */ = {
			isa = XCConfigurationList;
			buildConfigurations = (
				81A2623A2A288BDC0099A15B /* Debug */,
				81A2623B2A288BDC0099A15B /* Release */,
			);
			defaultConfigurationIsVisible = 0;
			defaultConfigurationName = Release;
		};
		81A2623C2A288BDC0099A15B /* Build configuration list for PBXNativeTarget "RememberX" */ = {
			isa = XCConfigurationList;
			buildConfigurations = (
				81A2623D2A288BDC0099A15B /* Debug */,
				81A2623E2A288BDC0099A15B /* Release */,
			);
			defaultConfigurationIsVisible = 0;
			defaultConfigurationName = Release;
		};
/* End XCConfigurationList section */
	};
	rootObject = 81A262202A288BDB0099A15B /* Project object */;
}
